// !$*UTF8*$!
{
	archiveVersion = 1;
	classes = {
	};
	objectVersion = 50;
	objects = {

/* Begin PBXBuildFile section */
		3174D4DC26BEEBCF002B49C4 /* FetchingDataApp.swift in Sources */ = {isa = PBXBuildFile; fileRef = 3174D4DB26BEEBCF002B49C4 /* FetchingDataApp.swift */; };
		3174D4DE26BEEBCF002B49C4 /* ContentView.swift in Sources */ = {isa = PBXBuildFile; fileRef = 3174D4DD26BEEBCF002B49C4 /* ContentView.swift */; };
		3174D4E026BEEBD1002B49C4 /* Assets.xcassets in Resources */ = {isa = PBXBuildFile; fileRef = 3174D4DF26BEEBD1002B49C4 /* Assets.xcassets */; };
		3174D4E326BEEBD1002B49C4 /* Preview Assets.xcassets in Resources */ = {isa = PBXBuildFile; fileRef = 3174D4E226BEEBD1002B49C4 /* Preview Assets.xcassets */; };
		3174D4EE26BEEBD2002B49C4 /* FetchingDataTests.swift in Sources */ = {isa = PBXBuildFile; fileRef = 3174D4ED26BEEBD2002B49C4 /* FetchingDataTests.swift */; };
		3174D4F926BEEBD2002B49C4 /* FetchingDataUITests.swift in Sources */ = {isa = PBXBuildFile; fileRef = 3174D4F826BEEBD2002B49C4 /* FetchingDataUITests.swift */; };
/* End PBXBuildFile section */

/* Begin PBXContainerItemProxy section */
		3174D4EA26BEEBD2002B49C4 /* PBXContainerItemProxy */ = {
			isa = PBXContainerItemProxy;
			containerPortal = 3174D4D026BEEBCF002B49C4 /* Project object */;
			proxyType = 1;
			remoteGlobalIDString = 3174D4D726BEEBCF002B49C4;
			remoteInfo = FetchingData;
		};
		3174D4F526BEEBD2002B49C4 /* PBXContainerItemProxy */ = {
			isa = PBXContainerItemProxy;
			containerPortal = 3174D4D026BEEBCF002B49C4 /* Project object */;
			proxyType = 1;
			remoteGlobalIDString = 3174D4D726BEEBCF002B49C4;
			remoteInfo = FetchingData;
		};
/* End PBXContainerItemProxy section */

/* Begin PBXFileReference section */
		3174D4D826BEEBCF002B49C4 /* FetchingData.app */ = {isa = PBXFileReference; explicitFileType = wrapper.application; includeInIndex = 0; path = FetchingData.app; sourceTree = BUILT_PRODUCTS_DIR; };
		3174D4DB26BEEBCF002B49C4 /* FetchingDataApp.swift */ = {isa = PBXFileReference; lastKnownFileType = sourcecode.swift; path = FetchingDataApp.swift; sourceTree = "<group>"; };
		3174D4DD26BEEBCF002B49C4 /* ContentView.swift */ = {isa = PBXFileReference; lastKnownFileType = sourcecode.swift; path = ContentView.swift; sourceTree = "<group>"; };
		3174D4DF26BEEBD1002B49C4 /* Assets.xcassets */ = {isa = PBXFileReference; lastKnownFileType = folder.assetcatalog; path = Assets.xcassets; sourceTree = "<group>"; };
		3174D4E226BEEBD1002B49C4 /* Preview Assets.xcassets */ = {isa = PBXFileReference; lastKnownFileType = folder.assetcatalog; path = "Preview Assets.xcassets"; sourceTree = "<group>"; };
		3174D4E426BEEBD1002B49C4 /* Info.plist */ = {isa = PBXFileReference; lastKnownFileType = text.plist.xml; path = Info.plist; sourceTree = "<group>"; };
		3174D4E926BEEBD2002B49C4 /* FetchingDataTests.xctest */ = {isa = PBXFileReference; explicitFileType = wrapper.cfbundle; includeInIndex = 0; path = FetchingDataTests.xctest; sourceTree = BUILT_PRODUCTS_DIR; };
		3174D4ED26BEEBD2002B49C4 /* FetchingDataTests.swift */ = {isa = PBXFileReference; lastKnownFileType = sourcecode.swift; path = FetchingDataTests.swift; sourceTree = "<group>"; };
		3174D4EF26BEEBD2002B49C4 /* Info.plist */ = {isa = PBXFileReference; lastKnownFileType = text.plist.xml; path = Info.plist; sourceTree = "<group>"; };
		3174D4F426BEEBD2002B49C4 /* FetchingDataUITests.xctest */ = {isa = PBXFileReference; explicitFileType = wrapper.cfbundle; includeInIndex = 0; path = FetchingDataUITests.xctest; sourceTree = BUILT_PRODUCTS_DIR; };
		3174D4F826BEEBD2002B49C4 /* FetchingDataUITests.swift */ = {isa = PBXFileReference; lastKnownFileType = sourcecode.swift; path = FetchingDataUITests.swift; sourceTree = "<group>"; };
		3174D4FA26BEEBD2002B49C4 /* Info.plist */ = {isa = PBXFileReference; lastKnownFileType = text.plist.xml; path = Info.plist; sourceTree = "<group>"; };
/* End PBXFileReference section */

/* Begin PBXFrameworksBuildPhase section */
		3174D4D526BEEBCF002B49C4 /* Frameworks */ = {
			isa = PBXFrameworksBuildPhase;
			buildActionMask = 2147483647;
			files = (
			);
			runOnlyForDeploymentPostprocessing = 0;
		};
		3174D4E626BEEBD2002B49C4 /* Frameworks */ = {
			isa = PBXFrameworksBuildPhase;
			buildActionMask = 2147483647;
			files = (
			);
			runOnlyForDeploymentPostprocessing = 0;
		};
		3174D4F126BEEBD2002B49C4 /* Frameworks */ = {
			isa = PBXFrameworksBuildPhase;
			buildActionMask = 2147483647;
			files = (
			);
			runOnlyForDeploymentPostprocessing = 0;
		};
/* End PBXFrameworksBuildPhase section */

/* Begin PBXGroup section */
		3174D4CF26BEEBCF002B49C4 = {
			isa = PBXGroup;
			children = (
				3174D4DA26BEEBCF002B49C4 /* FetchingData */,
				3174D4EC26BEEBD2002B49C4 /* FetchingDataTests */,
				3174D4F726BEEBD2002B49C4 /* FetchingDataUITests */,
				3174D4D926BEEBCF002B49C4 /* Products */,
			);
			sourceTree = "<group>";
		};
		3174D4D926BEEBCF002B49C4 /* Products */ = {
			isa = PBXGroup;
			children = (
				3174D4D826BEEBCF002B49C4 /* FetchingData.app */,
				3174D4E926BEEBD2002B49C4 /* FetchingDataTests.xctest */,
				3174D4F426BEEBD2002B49C4 /* FetchingDataUITests.xctest */,
			);
			name = Products;
			sourceTree = "<group>";
		};
		3174D4DA26BEEBCF002B49C4 /* FetchingData */ = {
			isa = PBXGroup;
			children = (
				3174D4DB26BEEBCF002B49C4 /* FetchingDataApp.swift */,
				3174D4DD26BEEBCF002B49C4 /* ContentView.swift */,
				3174D4DF26BEEBD1002B49C4 /* Assets.xcassets */,
				3174D4E426BEEBD1002B49C4 /* Info.plist */,
				3174D4E126BEEBD1002B49C4 /* Preview Content */,
			);
			path = FetchingData;
			sourceTree = "<group>";
		};
		3174D4E126BEEBD1002B49C4 /* Preview Content */ = {
			isa = PBXGroup;
			children = (
				3174D4E226BEEBD1002B49C4 /* Preview Assets.xcassets */,
			);
			path = "Preview Content";
			sourceTree = "<group>";
		};
		3174D4EC26BEEBD2002B49C4 /* FetchingDataTests */ = {
			isa = PBXGroup;
			children = (
				3174D4ED26BEEBD2002B49C4 /* FetchingDataTests.swift */,
				3174D4EF26BEEBD2002B49C4 /* Info.plist */,
			);
			path = FetchingDataTests;
			sourceTree = "<group>";
		};
		3174D4F726BEEBD2002B49C4 /* FetchingDataUITests */ = {
			isa = PBXGroup;
			children = (
				3174D4F826BEEBD2002B49C4 /* FetchingDataUITests.swift */,
				3174D4FA26BEEBD2002B49C4 /* Info.plist */,
			);
			path = FetchingDataUITests;
			sourceTree = "<group>";
		};
/* End PBXGroup section */

/* Begin PBXNativeTarget section */
		3174D4D726BEEBCF002B49C4 /* FetchingData */ = {
			isa = PBXNativeTarget;
			buildConfigurationList = 3174D4FD26BEEBD2002B49C4 /* Build configuration list for PBXNativeTarget "FetchingData" */;
			buildPhases = (
				3174D4D426BEEBCF002B49C4 /* Sources */,
				3174D4D526BEEBCF002B49C4 /* Frameworks */,
				3174D4D626BEEBCF002B49C4 /* Resources */,
			);
			buildRules = (
			);
			dependencies = (
			);
			name = FetchingData;
			productName = FetchingData;
			productReference = 3174D4D826BEEBCF002B49C4 /* FetchingData.app */;
			productType = "com.apple.product-type.application";
		};
		3174D4E826BEEBD2002B49C4 /* FetchingDataTests */ = {
			isa = PBXNativeTarget;
			buildConfigurationList = 3174D50026BEEBD2002B49C4 /* Build configuration list for PBXNativeTarget "FetchingDataTests" */;
			buildPhases = (
				3174D4E526BEEBD2002B49C4 /* Sources */,
				3174D4E626BEEBD2002B49C4 /* Frameworks */,
				3174D4E726BEEBD2002B49C4 /* Resources */,
			);
			buildRules = (
			);
			dependencies = (
				3174D4EB26BEEBD2002B49C4 /* PBXTargetDependency */,
			);
			name = FetchingDataTests;
			productName = FetchingDataTests;
			productReference = 3174D4E926BEEBD2002B49C4 /* FetchingDataTests.xctest */;
			productType = "com.apple.product-type.bundle.unit-test";
		};
		3174D4F326BEEBD2002B49C4 /* FetchingDataUITests */ = {
			isa = PBXNativeTarget;
			buildConfigurationList = 3174D50326BEEBD2002B49C4 /* Build configuration list for PBXNativeTarget "FetchingDataUITests" */;
			buildPhases = (
				3174D4F026BEEBD2002B49C4 /* Sources */,
				3174D4F126BEEBD2002B49C4 /* Frameworks */,
				3174D4F226BEEBD2002B49C4 /* Resources */,
			);
			buildRules = (
			);
			dependencies = (
				3174D4F626BEEBD2002B49C4 /* PBXTargetDependency */,
			);
			name = FetchingDataUITests;
			productName = FetchingDataUITests;
			productReference = 3174D4F426BEEBD2002B49C4 /* FetchingDataUITests.xctest */;
			productType = "com.apple.product-type.bundle.ui-testing";
		};
/* End PBXNativeTarget section */

/* Begin PBXProject section */
		3174D4D026BEEBCF002B49C4 /* Project object */ = {
			isa = PBXProject;
			attributes = {
				LastSwiftUpdateCheck = 1250;
				LastUpgradeCheck = 1250;
				TargetAttributes = {
					3174D4D726BEEBCF002B49C4 = {
						CreatedOnToolsVersion = 12.5.1;
					};
					3174D4E826BEEBD2002B49C4 = {
						CreatedOnToolsVersion = 12.5.1;
						TestTargetID = 3174D4D726BEEBCF002B49C4;
					};
					3174D4F326BEEBD2002B49C4 = {
						CreatedOnToolsVersion = 12.5.1;
						TestTargetID = 3174D4D726BEEBCF002B49C4;
					};
				};
			};
			buildConfigurationList = 3174D4D326BEEBCF002B49C4 /* Build configuration list for PBXProject "FetchingData" */;
			compatibilityVersion = "Xcode 9.3";
			developmentRegion = en;
			hasScannedForEncodings = 0;
			knownRegions = (
				en,
				Base,
			);
			mainGroup = 3174D4CF26BEEBCF002B49C4;
			productRefGroup = 3174D4D926BEEBCF002B49C4 /* Products */;
			projectDirPath = "";
			projectRoot = "";
			targets = (
				3174D4D726BEEBCF002B49C4 /* FetchingData */,
				3174D4E826BEEBD2002B49C4 /* FetchingDataTests */,
				3174D4F326BEEBD2002B49C4 /* FetchingDataUITests */,
			);
		};
/* End PBXProject section */

/* Begin PBXResourcesBuildPhase section */
		3174D4D626BEEBCF002B49C4 /* Resources */ = {
			isa = PBXResourcesBuildPhase;
			buildActionMask = 2147483647;
			files = (
				3174D4E326BEEBD1002B49C4 /* Preview Assets.xcassets in Resources */,
				3174D4E026BEEBD1002B49C4 /* Assets.xcassets in Resources */,
			);
			runOnlyForDeploymentPostprocessing = 0;
		};
		3174D4E726BEEBD2002B49C4 /* Resources */ = {
			isa = PBXResourcesBuildPhase;
			buildActionMask = 2147483647;
			files = (
			);
			runOnlyForDeploymentPostprocessing = 0;
		};
		3174D4F226BEEBD2002B49C4 /* Resources */ = {
			isa = PBXResourcesBuildPhase;
			buildActionMask = 2147483647;
			files = (
			);
			runOnlyForDeploymentPostprocessing = 0;
		};
/* End PBXResourcesBuildPhase section */

/* Begin PBXSourcesBuildPhase section */
		3174D4D426BEEBCF002B49C4 /* Sources */ = {
			isa = PBXSourcesBuildPhase;
			buildActionMask = 2147483647;
			files = (
				3174D4DE26BEEBCF002B49C4 /* ContentView.swift in Sources */,
				3174D4DC26BEEBCF002B49C4 /* FetchingDataApp.swift in Sources */,
			);
			runOnlyForDeploymentPostprocessing = 0;
		};
		3174D4E526BEEBD2002B49C4 /* Sources */ = {
			isa = PBXSourcesBuildPhase;
			buildActionMask = 2147483647;
			files = (
				3174D4EE26BEEBD2002B49C4 /* FetchingDataTests.swift in Sources */,
			);
			runOnlyForDeploymentPostprocessing = 0;
		};
		3174D4F026BEEBD2002B49C4 /* Sources */ = {
			isa = PBXSourcesBuildPhase;
			buildActionMask = 2147483647;
			files = (
				3174D4F926BEEBD2002B49C4 /* FetchingDataUITests.swift in Sources */,
			);
			runOnlyForDeploymentPostprocessing = 0;
		};
/* End PBXSourcesBuildPhase section */

/* Begin PBXTargetDependency section */
		3174D4EB26BEEBD2002B49C4 /* PBXTargetDependency */ = {
			isa = PBXTargetDependency;
			target = 3174D4D726BEEBCF002B49C4 /* FetchingData */;
			targetProxy = 3174D4EA26BEEBD2002B49C4 /* PBXContainerItemProxy */;
		};
		3174D4F626BEEBD2002B49C4 /* PBXTargetDependency */ = {
			isa = PBXTargetDependency;
			target = 3174D4D726BEEBCF002B49C4 /* FetchingData */;
			targetProxy = 3174D4F526BEEBD2002B49C4 /* PBXContainerItemProxy */;
		};
/* End PBXTargetDependency section */

/* Begin XCBuildConfiguration section */
		3174D4FB26BEEBD2002B49C4 /* Debug */ = {
			isa = XCBuildConfiguration;
			buildSettings = {
				ALWAYS_SEARCH_USER_PATHS = NO;
				CLANG_ANALYZER_NONNULL = YES;
				CLANG_ANALYZER_NUMBER_OBJECT_CONVERSION = YES_AGGRESSIVE;
				CLANG_CXX_LANGUAGE_STANDARD = "gnu++14";
				CLANG_CXX_LIBRARY = "libc++";
				CLANG_ENABLE_MODULES = YES;
				CLANG_ENABLE_OBJC_ARC = YES;
				CLANG_ENABLE_OBJC_WEAK = YES;
				CLANG_WARN_BLOCK_CAPTURE_AUTORELEASING = YES;
				CLANG_WARN_BOOL_CONVERSION = YES;
				CLANG_WARN_COMMA = YES;
				CLANG_WARN_CONSTANT_CONVERSION = YES;
				CLANG_WARN_DEPRECATED_OBJC_IMPLEMENTATIONS = YES;
				CLANG_WARN_DIRECT_OBJC_ISA_USAGE = YES_ERROR;
				CLANG_WARN_DOCUMENTATION_COMMENTS = YES;
				CLANG_WARN_EMPTY_BODY = YES;
				CLANG_WARN_ENUM_CONVERSION = YES;
				CLANG_WARN_INFINITE_RECURSION = YES;
				CLANG_WARN_INT_CONVERSION = YES;
				CLANG_WARN_NON_LITERAL_NULL_CONVERSION = YES;
				CLANG_WARN_OBJC_IMPLICIT_RETAIN_SELF = YES;
				CLANG_WARN_OBJC_LITERAL_CONVERSION = YES;
				CLANG_WARN_OBJC_ROOT_CLASS = YES_ERROR;
				CLANG_WARN_QUOTED_INCLUDE_IN_FRAMEWORK_HEADER = YES;
				CLANG_WARN_RANGE_LOOP_ANALYSIS = YES;
				CLANG_WARN_STRICT_PROTOTYPES = YES;
				CLANG_WARN_SUSPICIOUS_MOVE = YES;
				CLANG_WARN_UNGUARDED_AVAILABILITY = YES_AGGRESSIVE;
				CLANG_WARN_UNREACHABLE_CODE = YES;
				CLANG_WARN__DUPLICATE_METHOD_MATCH = YES;
				COPY_PHASE_STRIP = NO;
				DEBUG_INFORMATION_FORMAT = dwarf;
				ENABLE_STRICT_OBJC_MSGSEND = YES;
				ENABLE_TESTABILITY = YES;
				GCC_C_LANGUAGE_STANDARD = gnu11;
				GCC_DYNAMIC_NO_PIC = NO;
				GCC_NO_COMMON_BLOCKS = YES;
				GCC_OPTIMIZATION_LEVEL = 0;
				GCC_PREPROCESSOR_DEFINITIONS = (
					"DEBUG=1",
					"$(inherited)",
				);
				GCC_WARN_64_TO_32_BIT_CONVERSION = YES;
				GCC_WARN_ABOUT_RETURN_TYPE = YES_ERROR;
				GCC_WARN_UNDECLARED_SELECTOR = YES;
				GCC_WARN_UNINITIALIZED_AUTOS = YES_AGGRESSIVE;
				GCC_WARN_UNUSED_FUNCTION = YES;
				GCC_WARN_UNUSED_VARIABLE = YES;
				IPHONEOS_DEPLOYMENT_TARGET = 14.5;
				MTL_ENABLE_DEBUG_INFO = INCLUDE_SOURCE;
				MTL_FAST_MATH = YES;
				ONLY_ACTIVE_ARCH = YES;
				SDKROOT = iphoneos;
				SWIFT_ACTIVE_COMPILATION_CONDITIONS = DEBUG;
				SWIFT_OPTIMIZATION_LEVEL = "-Onone";
			};
			name = Debug;
		};
		3174D4FC26BEEBD2002B49C4 /* Release */ = {
			isa = XCBuildConfiguration;
			buildSettings = {
				ALWAYS_SEARCH_USER_PATHS = NO;
				CLANG_ANALYZER_NONNULL = YES;
				CLANG_ANALYZER_NUMBER_OBJECT_CONVERSION = YES_AGGRESSIVE;
				CLANG_CXX_LANGUAGE_STANDARD = "gnu++14";
				CLANG_CXX_LIBRARY = "libc++";
				CLANG_ENABLE_MODULES = YES;
				CLANG_ENABLE_OBJC_ARC = YES;
				CLANG_ENABLE_OBJC_WEAK = YES;
				CLANG_WARN_BLOCK_CAPTURE_AUTORELEASING = YES;
				CLANG_WARN_BOOL_CONVERSION = YES;
				CLANG_WARN_COMMA = YES;
				CLANG_WARN_CONSTANT_CONVERSION = YES;
				CLANG_WARN_DEPRECATED_OBJC_IMPLEMENTATIONS = YES;
				CLANG_WARN_DIRECT_OBJC_ISA_USAGE = YES_ERROR;
				CLANG_WARN_DOCUMENTATION_COMMENTS = YES;
				CLANG_WARN_EMPTY_BODY = YES;
				CLANG_WARN_ENUM_CONVERSION = YES;
				CLANG_WARN_INFINITE_RECURSION = YES;
				CLANG_WARN_INT_CONVERSION = YES;
				CLANG_WARN_NON_LITERAL_NULL_CONVERSION = YES;
				CLANG_WARN_OBJC_IMPLICIT_RETAIN_SELF = YES;
				CLANG_WARN_OBJC_LITERAL_CONVERSION = YES;
				CLANG_WARN_OBJC_ROOT_CLASS = YES_ERROR;
				CLANG_WARN_QUOTED_INCLUDE_IN_FRAMEWORK_HEADER = YES;
				CLANG_WARN_RANGE_LOOP_ANALYSIS = YES;
				CLANG_WARN_STRICT_PROTOTYPES = YES;
				CLANG_WARN_SUSPICIOUS_MOVE = YES;
				CLANG_WARN_UNGUARDED_AVAILABILITY = YES_AGGRESSIVE;
				CLANG_WARN_UNREACHABLE_CODE = YES;
				CLANG_WARN__DUPLICATE_METHOD_MATCH = YES;
				COPY_PHASE_STRIP = NO;
				DEBUG_INFORMATION_FORMAT = "dwarf-with-dsym";
				ENABLE_NS_ASSERTIONS = NO;
				ENABLE_STRICT_OBJC_MSGSEND = YES;
				GCC_C_LANGUAGE_STANDARD = gnu11;
				GCC_NO_COMMON_BLOCKS = YES;
				GCC_WARN_64_TO_32_BIT_CONVERSION = YES;
				GCC_WARN_ABOUT_RETURN_TYPE = YES_ERROR;
				GCC_WARN_UNDECLARED_SELECTOR = YES;
				GCC_WARN_UNINITIALIZED_AUTOS = YES_AGGRESSIVE;
				GCC_WARN_UNUSED_FUNCTION = YES;
				GCC_WARN_UNUSED_VARIABLE = YES;
				IPHONEOS_DEPLOYMENT_TARGET = 14.5;
				MTL_ENABLE_DEBUG_INFO = NO;
				MTL_FAST_MATH = YES;
				SDKROOT = iphoneos;
				SWIFT_COMPILATION_MODE = wholemodule;
				SWIFT_OPTIMIZATION_LEVEL = "-O";
				VALIDATE_PRODUCT = YES;
			};
			name = Release;
		};
		3174D4FE26BEEBD2002B49C4 /* Debug */ = {
			isa = XCBuildConfiguration;
			buildSettings = {
				ASSETCATALOG_COMPILER_APPICON_NAME = AppIcon;
				ASSETCATALOG_COMPILER_GLOBAL_ACCENT_COLOR_NAME = AccentColor;
				CODE_SIGN_STYLE = Automatic;
				DEVELOPMENT_ASSET_PATHS = "\"FetchingData/Preview Content\"";
				ENABLE_PREVIEWS = YES;
				INFOPLIST_FILE = FetchingData/Info.plist;
				IPHONEOS_DEPLOYMENT_TARGET = 14.0;
				LD_RUNPATH_SEARCH_PATHS = (
					"$(inherited)",
					"@executable_path/Frameworks",
				);
				PRODUCT_BUNDLE_IDENTIFIER = com.joshuacurry.FetchingData;
				PRODUCT_NAME = "$(TARGET_NAME)";
				SWIFT_VERSION = 5.0;
				TARGETED_DEVICE_FAMILY = "1,2";
			};
			name = Debug;
		};
		3174D4FF26BEEBD2002B49C4 /* Release */ = {
			isa = XCBuildConfiguration;
			buildSettings = {
				ASSETCATALOG_COMPILER_APPICON_NAME = AppIcon;
				ASSETCATALOG_COMPILER_GLOBAL_ACCENT_COLOR_NAME = AccentColor;
				CODE_SIGN_STYLE = Automatic;
				DEVELOPMENT_ASSET_PATHS = "\"FetchingData/Preview Content\"";
				ENABLE_PREVIEWS = YES;
				INFOPLIST_FILE = FetchingData/Info.plist;
				IPHONEOS_DEPLOYMENT_TARGET = 14.0;
				LD_RUNPATH_SEARCH_PATHS = (
					"$(inherited)",
					"@executable_path/Frameworks",
				);
				PRODUCT_BUNDLE_IDENTIFIER = com.joshuacurry.FetchingData;
				PRODUCT_NAME = "$(TARGET_NAME)";
				SWIFT_VERSION = 5.0;
				TARGETED_DEVICE_FAMILY = "1,2";
			};
			name = Release;
		};
		3174D50126BEEBD2002B49C4 /* Debug */ = {
			isa = XCBuildConfiguration;
			buildSettings = {
				ALWAYS_EMBED_SWIFT_STANDARD_LIBRARIES = YES;
				BUNDLE_LOADER = "$(TEST_HOST)";
				CODE_SIGN_STYLE = Automatic;
				INFOPLIST_FILE = FetchingDataTests/Info.plist;
				IPHONEOS_DEPLOYMENT_TARGET = 14.0;
				LD_RUNPATH_SEARCH_PATHS = (
					"$(inherited)",
					"@executable_path/Frameworks",
					"@loader_path/Frameworks",
				);
				PRODUCT_BUNDLE_IDENTIFIER = com.joshuacurry.FetchingDataTests;
				PRODUCT_NAME = "$(TARGET_NAME)";
				SWIFT_VERSION = 5.0;
				TARGETED_DEVICE_FAMILY = "1,2";
				TEST_HOST = "$(BUILT_PRODUCTS_DIR)/FetchingData.app/FetchingData";
			};
			name = Debug;
		};
		3174D50226BEEBD2002B49C4 /* Release */ = {
			isa = XCBuildConfiguration;
			buildSettings = {
				ALWAYS_EMBED_SWIFT_STANDARD_LIBRARIES = YES;
				BUNDLE_LOADER = "$(TEST_HOST)";
				CODE_SIGN_STYLE = Automatic;
				INFOPLIST_FILE = FetchingDataTests/Info.plist;
				IPHONEOS_DEPLOYMENT_TARGET = 14.0;
				LD_RUNPATH_SEARCH_PATHS = (
					"$(inherited)",
					"@executable_path/Frameworks",
					"@loader_path/Frameworks",
				);
				PRODUCT_BUNDLE_IDENTIFIER = com.joshuacurry.FetchingDataTests;
				PRODUCT_NAME = "$(TARGET_NAME)";
				SWIFT_VERSION = 5.0;
				TARGETED_DEVICE_FAMILY = "1,2";
				TEST_HOST = "$(BUILT_PRODUCTS_DIR)/FetchingData.app/FetchingData";
			};
			name = Release;
		};
		3174D50426BEEBD2002B49C4 /* Debug */ = {
			isa = XCBuildConfiguration;
			buildSettings = {
				ALWAYS_EMBED_SWIFT_STANDARD_LIBRARIES = YES;
				CODE_SIGN_STYLE = Automatic;
				INFOPLIST_FILE = FetchingDataUITests/Info.plist;
				LD_RUNPATH_SEARCH_PATHS = (
					"$(inherited)",
					"@executable_path/Frameworks",
					"@loader_path/Frameworks",
				);
				PRODUCT_BUNDLE_IDENTIFIER = com.joshuacurry.FetchingDataUITests;
				PRODUCT_NAME = "$(TARGET_NAME)";
				SWIFT_VERSION = 5.0;
				TARGETED_DEVICE_FAMILY = "1,2";
				TEST_TARGET_NAME = FetchingData;
			};
			name = Debug;
		};
		3174D50526BEEBD2002B49C4 /* Release */ = {
			isa = XCBuildConfiguration;
			buildSettings = {
				ALWAYS_EMBED_SWIFT_STANDARD_LIBRARIES = YES;
				CODE_SIGN_STYLE = Automatic;
				INFOPLIST_FILE = FetchingDataUITests/Info.plist;
				LD_RUNPATH_SEARCH_PATHS = (
					"$(inherited)",
					"@executable_path/Frameworks",
					"@loader_path/Frameworks",
				);
				PRODUCT_BUNDLE_IDENTIFIER = com.joshuacurry.FetchingDataUITests;
				PRODUCT_NAME = "$(TARGET_NAME)";
				SWIFT_VERSION = 5.0;
				TARGETED_DEVICE_FAMILY = "1,2";
				TEST_TARGET_NAME = FetchingData;
			};
			name = Release;
		};
/* End XCBuildConfiguration section */

/* Begin XCConfigurationList section */
		3174D4D326BEEBCF002B49C4 /* Build configuration list for PBXProject "FetchingData" */ = {
			isa = XCConfigurationList;
			buildConfigurations = (
				3174D4FB26BEEBD2002B49C4 /* Debug */,
				3174D4FC26BEEBD2002B49C4 /* Release */,
			);
			defaultConfigurationIsVisible = 0;
			defaultConfigurationName = Release;
		};
		3174D4FD26BEEBD2002B49C4 /* Build configuration list for PBXNativeTarget "FetchingData" */ = {
			isa = XCConfigurationList;
			buildConfigurations = (
				3174D4FE26BEEBD2002B49C4 /* Debug */,
				3174D4FF26BEEBD2002B49C4 /* Release */,
			);
			defaultConfigurationIsVisible = 0;
			defaultConfigurationName = Release;
		};
		3174D50026BEEBD2002B49C4 /* Build configuration list for PBXNativeTarget "FetchingDataTests" */ = {
			isa = XCConfigurationList;
			buildConfigurations = (
				3174D50126BEEBD2002B49C4 /* Debug */,
				3174D50226BEEBD2002B49C4 /* Release */,
			);
			defaultConfigurationIsVisible = 0;
			defaultConfigurationName = Release;
		};
		3174D50326BEEBD2002B49C4 /* Build configuration list for PBXNativeTarget "FetchingDataUITests" */ = {
			isa = XCConfigurationList;
			buildConfigurations = (
				3174D50426BEEBD2002B49C4 /* Debug */,
				3174D50526BEEBD2002B49C4 /* Release */,
			);
			defaultConfigurationIsVisible = 0;
			defaultConfigurationName = Release;
		};
/* End XCConfigurationList section */
	};
	rootObject = 3174D4D026BEEBCF002B49C4 /* Project object */;
}
